
Microsoft Visual Studio Solution File, Format Version 12.00
# Visual Studio 15
Project("{FAE04EC0-301F-11D3-BF4B-00C04F79EFBC}") = "MailString", "MailString\MailString.csproj", "{1FAA964F-6AC3-4B08-B4FD-4C9FAEE30343}"
EndProject
Global
	GlobalSection(SolutionConfigurationPlatforms) = preSolution
		Debug|Any CPU = Debug|Any CPU
		Release|Any CPU = Release|Any CPU
	EndGlobalSection
	GlobalSection(ProjectConfigurationPlatforms) = postSolution
		{1FAA964F-6AC3-4B08-B4FD-4C9FAEE30343}.Debug|Any CPU.ActiveCfg = Debug|Any CPU
		{1FAA964F-6AC3-4B08-B4FD-4C9FAEE30343}.Debug|Any CPU.Build.0 = Debug|Any CPU
		{1FAA964F-6AC3-4B08-B4FD-4C9FAEE30343}.Release|Any CPU.ActiveCfg = Release|Any CPU
		{1FAA964F-6AC3-4B08-B4FD-4C9FAEE30343}.Release|Any CPU.Build.0 = Release|Any CPU
	EndGlobalSection
EndGlobal
