
Microsoft Visual Studio Solution File, Format Version 12.00
# Visual Studio 15
Project("{FAE04EC0-301F-11D3-BF4B-00C04F79EFBC}") = "BankBalance", "BankBalance\BankBalance.csproj", "{438AAAFC-B5BF-4C95-84E2-EB83891F7D34}"
EndProject
Global
	GlobalSection(SolutionConfigurationPlatforms) = preSolution
		Debug|Any CPU = Debug|Any CPU
		Release|Any CPU = Release|Any CPU
	EndGlobalSection
	GlobalSection(ProjectConfigurationPlatforms) = postSolution
		{438AAAFC-B5BF-4C95-84E2-EB83891F7D34}.Debug|Any CPU.ActiveCfg = Debug|Any CPU
		{438AAAFC-B5BF-4C95-84E2-EB83891F7D34}.Debug|Any CPU.Build.0 = Debug|Any CPU
		{438AAAFC-B5BF-4C95-84E2-EB83891F7D34}.Release|Any CPU.ActiveCfg = Release|Any CPU
		{438AAAFC-B5BF-4C95-84E2-EB83891F7D34}.Release|Any CPU.Build.0 = Release|Any CPU
	EndGlobalSection
EndGlobal
