
Microsoft Visual Studio Solution File, Format Version 12.00
# Visual Studio 15
Project("{FAE04EC0-301F-11D3-BF4B-00C04F79EFBC}") = "Types", "Types\Types.csproj", "{BCBDB336-E18B-4495-82A7-10AE99C90D61}"
EndProject
Global
	GlobalSection(SolutionConfigurationPlatforms) = preSolution
		Debug|Any CPU = Debug|Any CPU
		Release|Any CPU = Release|Any CPU
	EndGlobalSection
	GlobalSection(ProjectConfigurationPlatforms) = postSolution
		{BCBDB336-E18B-4495-82A7-10AE99C90D61}.Debug|Any CPU.ActiveCfg = Debug|Any CPU
		{BCBDB336-E18B-4495-82A7-10AE99C90D61}.Debug|Any CPU.Build.0 = Debug|Any CPU
		{BCBDB336-E18B-4495-82A7-10AE99C90D61}.Release|Any CPU.ActiveCfg = Release|Any CPU
		{BCBDB336-E18B-4495-82A7-10AE99C90D61}.Release|Any CPU.Build.0 = Release|Any CPU
	EndGlobalSection
EndGlobal
