
Microsoft Visual Studio Solution File, Format Version 12.00
# Visual Studio Version 16
VisualStudioVersion = 16.0.30523.141
MinimumVisualStudioVersion = 10.0.40219.1
Project("{FAE04EC0-301F-11D3-BF4B-00C04F79EFBC}") = "WarnLevel", "WarnLevel\WarnLevel.csproj", "{2D3AD4A4-79DD-48F5-AF7E-D478E7EE913C}"
EndProject
Global
	GlobalSection(SolutionConfigurationPlatforms) = preSolution
		Debug|Any CPU = Debug|Any CPU
		Release|Any CPU = Release|Any CPU
	EndGlobalSection
	GlobalSection(ProjectConfigurationPlatforms) = postSolution
		{2D3AD4A4-79DD-48F5-AF7E-D478E7EE913C}.Debug|Any CPU.ActiveCfg = Debug|Any CPU
		{2D3AD4A4-79DD-48F5-AF7E-D478E7EE913C}.Debug|Any CPU.Build.0 = Debug|Any CPU
		{2D3AD4A4-79DD-48F5-AF7E-D478E7EE913C}.Release|Any CPU.ActiveCfg = Release|Any CPU
		{2D3AD4A4-79DD-48F5-AF7E-D478E7EE913C}.Release|Any CPU.Build.0 = Release|Any CPU
	EndGlobalSection
	GlobalSection(SolutionProperties) = preSolution
		HideSolutionNode = FALSE
	EndGlobalSection
	GlobalSection(ExtensibilityGlobals) = postSolution
		SolutionGuid = {0465FF3A-D1EC-4746-9CA4-0C429C659892}
	EndGlobalSection
EndGlobal
